{
    "_meta": {
        "hash": {
            "sha256": "0433e03b38f4b4bc2141806056030ea0fc88655a60c8c6a172b50f625cd0258d"
        },
        "pipfile-spec": 6,
        "requires": {
            "python_version": "3.12"
        },
        "sources": [
            {
                "name": "pypi",
                "url": "https://pypi.org/simple",
                "verify_ssl": true
            }
        ]
    },
    "default": {
        "click": {
            "hashes": [
                "sha256:d2b5255c7c6349bc1bd1e59e08cd12acbbd63ce649f2588755783aa94dfb6b1a",
                "sha256:dacca89f4bfadd5de3d7489b7c8a566eee0d3676333fbb50030263894c38c0dc"
            ],
            "markers": "python_version >= '2.7' and python_version not in '3.0, 3.1, 3.2, 3.3, 3.4'",
            "version": "==7.1.2"
        },
        "dnspython": {
            "hashes": [
                "sha256:5ef3b9680161f6fa89daf8ad451b5f1a33b18ae8a1c6778cdf4b43f08c0a6e50",
                "sha256:e8f0f9c23a7b7cb99ded64e6c3a6f3e701d78f50c55e002b839dea7225cff7cc"
            ],
            "markers": "python_version >= '3.8'",
            "version": "==2.6.1"
        },
        "email-validator": {
            "hashes": [
                "sha256:094b1d1c60d790649989d38d34f69e1ef07792366277a2cf88684d03495d018f",
                "sha256:1a13bd6050d1db4475f13e444e169b6fe872434922d38968c67cea9568cce2f0"
            ],
            "index": "pypi",
            "version": "==1.1.2"
        },
        "fastapi": {
            "hashes": [
                "sha256:62074dd38541d9d7245f3aacbbd0d44340c53d56186c9b249d261a18dad4874b",
                "sha256:8f4c64cd9cea67fb7dd175ca5015961efa572b9f43a8731014dac8929d86225f"
            ],
            "index": "pypi",
            "markers": "python_version >= '3.6'",
            "version": "==0.62.0"
        },
        "h11": {
            "hashes": [
                "sha256:8f19fbbe99e72420ff35c00b27a34cb9937e902a8b810e2c88300c6f0a3b699d",
                "sha256:e3fe4ac4b851c468cc8363d500db52c2ead036020723024a109d37346efaa761"
            ],
            "markers": "python_version >= '3.7'",
            "version": "==0.14.0"
        },
        "idna": {
            "hashes": [
                "sha256:028ff3aadf0609c1fd278d8ea3089299412a7a8b9bd005dd08b9f8285bcb5cfc",
                "sha256:82fee1fc78add43492d3a1898bfa6d8a904cc97d8427f683ed8e798d07761aa0"
            ],
            "markers": "python_version >= '3.5'",
            "version": "==3.7"
        },
        "pydantic": {
            "hashes": [
                "sha256:098ad8de840c92ea586bf8efd9e2e90c6339d33ab5c1cfbb85be66e4ecf8213f",
                "sha256:0e2495309b1266e81d259a570dd199916ff34f7f51f1b549a0d37a6d9b17b4dc",
                "sha256:0fa51175313cc30097660b10eec8ca55ed08bfa07acbfe02f7a42f6c242e9a4b",
                "sha256:11289fa895bcbc8f18704efa1d8020bb9a86314da435348f59745473eb042e6b",
                "sha256:2a72d2a5ff86a3075ed81ca031eac86923d44bc5d42e719d585a8eb547bf0c9b",
                "sha256:371dcf1831f87c9e217e2b6a0c66842879a14873114ebb9d0861ab22e3b5bb1e",
                "sha256:409b2b36d7d7d19cd8310b97a4ce6b1755ef8bd45b9a2ec5ec2b124db0a0d8f3",
                "sha256:4866a1579c0c3ca2c40575398a24d805d4db6cb353ee74df75ddeee3c657f9a7",
                "sha256:48db882e48575ce4b39659558b2f9f37c25b8d348e37a2b4e32971dd5a7d6227",
                "sha256:525bbef620dac93c430d5d6bdbc91bdb5521698d434adf4434a7ef6ffd5c4b7f",
                "sha256:543da3c6914795b37785703ffc74ba4d660418620cc273490d42c53949eeeca6",
                "sha256:62d96b8799ae3d782df7ec9615cb59fc32c32e1ed6afa1b231b0595f6516e8ab",
                "sha256:6654028d1144df451e1da69a670083c27117d493f16cf83da81e1e50edce72ad",
                "sha256:7017971ffa7fd7808146880aa41b266e06c1e6e12261768a28b8b41ba55c8076",
                "sha256:7623b59876f49e61c2e283551cc3647616d2fbdc0b4d36d3d638aae8547ea681",
                "sha256:7e17c0ee7192e54a10943f245dc79e36d9fe282418ea05b886e1c666063a7b54",
                "sha256:820ae12a390c9cbb26bb44913c87fa2ff431a029a785642c1ff11fed0a095fcb",
                "sha256:94833612d6fd18b57c359a127cbfd932d9150c1b72fea7c86ab58c2a77edd7c7",
                "sha256:95ef534e3c22e5abbdbdd6f66b6ea9dac3ca3e34c5c632894f8625d13d084cbe",
                "sha256:9c803a5113cfab7bbb912f75faa4fc1e4acff43e452c82560349fff64f852e1b",
                "sha256:9e53fb834aae96e7b0dadd6e92c66e7dd9cdf08965340ed04c16813102a47fab",
                "sha256:ab2f976336808fd5d539fdc26eb51f9aafc1f4b638e212ef6b6f05e753c8011d",
                "sha256:ad1e33dc6b9787a6f0f3fd132859aa75626528b49cc1f9e429cdacb2608ad5f0",
                "sha256:ae5184e99a060a5c80010a2d53c99aee76a3b0ad683d493e5f0620b5d86eeb75",
                "sha256:aeb4e741782e236ee7dc1fb11ad94dc56aabaf02d21df0e79e0c21fe07c95741",
                "sha256:b4ad32aed3bf5eea5ca5decc3d1bbc3d0ec5d4fbcd72a03cdad849458decbc63",
                "sha256:b8ad363330557beac73159acfbeed220d5f1bfcd6b930302a987a375e02f74fd",
                "sha256:bfbb18b616abc4df70591b8c1ff1b3eabd234ddcddb86b7cac82657ab9017e33",
                "sha256:c1e51d1af306641b7d1574d6d3307eaa10a4991542ca324f0feb134fee259815",
                "sha256:c31d281c7485223caf6474fc2b7cf21456289dbaa31401844069b77160cab9c7",
                "sha256:c7e8988bb16988890c985bd2093df9dd731bfb9d5e0860db054c23034fab8f7a",
                "sha256:c87cedb4680d1614f1d59d13fea353faf3afd41ba5c906a266f3f2e8c245d655",
                "sha256:cafb9c938f61d1b182dfc7d44a7021326547b7b9cf695db5b68ec7b590214773",
                "sha256:d2f89a719411cb234105735a520b7c077158a81e0fe1cb05a79c01fc5eb59d3c",
                "sha256:d4b40c9e13a0b61583e5599e7950490c700297b4a375b55b2b592774332798b7",
                "sha256:d4ecb515fa7cb0e46e163ecd9d52f9147ba57bc3633dca0e586cdb7a232db9e3",
                "sha256:d8c209af63ccd7b22fba94b9024e8b7fd07feffee0001efae50dd99316b27768",
                "sha256:db3b48d9283d80a314f7a682f7acae8422386de659fffaba454b77a083c3937d",
                "sha256:e41b5b973e5c64f674b3b4720286ded184dcc26a691dd55f34391c62c6934688",
                "sha256:e840e6b2026920fc3f250ea8ebfdedf6ea7a25b77bf04c6576178e681942ae0f",
                "sha256:ebb249096d873593e014535ab07145498957091aa6ae92759a32d40cb9998e2e",
                "sha256:f434160fb14b353caf634149baaf847206406471ba70e64657c1e8330277a991",
                "sha256:fa43f362b46741df8f201bf3e7dff3569fa92069bcc7b4a740dea3602e27ab7a"
            ],
            "markers": "python_version >= '3.7'",
            "version": "==1.10.17"
        },
        "pyjwt": {
            "hashes": [
                "sha256:5c6eca3c2940464d106b99ba83b00c6add741c9becaec087fb7ccdefea71350e",
                "sha256:8d59a976fb773f3e6a39c85636357c4f0e242707394cadadd9814f5cbaa20e96"
            ],
            "index": "pypi",
            "version": "==1.7.1"
        },
        "python-decouple": {
            "hashes": [
                "sha256:55c546b85b0c47a15a47a4312d451a437f7344a9be3e001660bccd93b637de95"
            ],
            "index": "pypi",
            "version": "==3.3"
        },
        "starlette": {
            "hashes": [
                "sha256:bd2ffe5e37fb75d014728511f8e68ebf2c80b0fa3d04ca1479f4dc752ae31ac9",
                "sha256:ebe8ee08d9be96a3c9f31b2cb2a24dbdf845247b745664bd8a3f9bd0c977fdbc"
            ],
            "markers": "python_version >= '3.6'",
            "version": "==0.13.6"
        },
        "typing-extensions": {
            "hashes": [
                "sha256:04e5ca0351e0f3f85c6853954072df659d0d13fac324d0072316b67d7794700d",
                "sha256:1a7ead55c7e559dd4dee8856e3a88b41225abfe1ce8df57b7c13915fe121ffb8"
            ],
            "markers": "python_version >= '3.8'",
            "version": "==4.12.2"
        },
        "uvicorn": {
            "hashes": [
                "sha256:562ef6aaa8fa723ab6b82cf9e67a774088179d0ec57cb17e447b15d58b603bcf",
                "sha256:5836edaf4d278fe67ba0298c0537bdb6398cf359eb644f79e6500ca1aad232b3"
            ],
            "index": "pypi",
            "version": "==0.12.3"
        }
    },
    "develop": {}
}
